
Microsoft Visual Studio Solution File, Format Version 12.00
Project("{FAE04EC0-301F-11D3-BF4B-00C04F79EFBC}") = "ASP.NETCoreWebApplication", "ASP.NETCoreWebApplication\ASP.NETCoreWebApplication.csproj", "{13ABF996-9508-4E4B-B316-F5FF00061BFB}"
EndProject
Global
	GlobalSection(SolutionConfigurationPlatforms) = preSolution
		Debug|Any CPU = Debug|Any CPU
		Release|Any CPU = Release|Any CPU
	EndGlobalSection
	GlobalSection(ProjectConfigurationPlatforms) = postSolution
		{13ABF996-9508-4E4B-B316-F5FF00061BFB}.Debug|Any CPU.ActiveCfg = Debug|Any CPU
		{13ABF996-9508-4E4B-B316-F5FF00061BFB}.Debug|Any CPU.Build.0 = Debug|Any CPU
		{13ABF996-9508-4E4B-B316-F5FF00061BFB}.Release|Any CPU.ActiveCfg = Release|Any CPU
		{13ABF996-9508-4E4B-B316-F5FF00061BFB}.Release|Any CPU.Build.0 = Release|Any CPU
	EndGlobalSection
EndGlobal
